
Microsoft Visual Studio Solution File, Format Version 12.00
# Visual Studio Version 18
VisualStudioVersion = 18.2.11408.102
MinimumVisualStudioVersion = 10.0.40219.1
Project("{2150E333-8FDC-42A3-9474-1A3956D46DE8}") = "src", "src", "{827E0CD3-B72D-47B6-A68D-7590B98EB39B}"
EndProject
Project("{FAE04EC0-301F-11D3-BF4B-00C04F79EFBC}") = "ValenceHub.Api", "src\ValenceHub.Api\ValenceHub.Api.csproj", "{3A3922ED-E96A-4D39-ABDB-37AB7CF0B0E6}"
EndProject
Project("{FAE04EC0-301F-11D3-BF4B-00C04F79EFBC}") = "ValenceHub.Application", "src\ValenceHub.Application\ValenceHub.Application.csproj", "{5477A340-DFC9-427A-BA57-516B5CCD3DE2}"
EndProject
Project("{FAE04EC0-301F-11D3-BF4B-00C04F79EFBC}") = "ValenceHub.Domain", "src\ValenceHub.Domain\ValenceHub.Domain.csproj", "{346B9885-510F-4555-B85B-ACA350488996}"
EndProject
Project("{FAE04EC0-301F-11D3-BF4B-00C04F79EFBC}") = "ValenceHub.Infrastructure", "src\ValenceHub.Infrastructure\ValenceHub.Infrastructure.csproj", "{D656B254-C6D7-4484-BC7F-83CFB26B0B16}"
EndProject
Project("{2150E333-8FDC-42A3-9474-1A3956D46DE8}") = "tests", "tests", "{0AB3BF05-4346-4AA6-1389-037BE0695223}"
EndProject
Project("{FAE04EC0-301F-11D3-BF4B-00C04F79EFBC}") = "ValenceHub.Tests", "tests\ValenceHub.Tests\ValenceHub.Tests.csproj", "{5A51C5F1-F7B8-4872-A10B-E1795FBDECE9}"
EndProject
Project("{2150E333-8FDC-42A3-9474-1A3956D46DE8}") = "Core", "Core", "{90966927-5A76-4176-8886-1DAB552F3606}"
EndProject
Project("{2150E333-8FDC-42A3-9474-1A3956D46DE8}") = "Api", "Api", "{34CB34DA-F9AC-4C3E-BA25-90C17EAE1CD2}"
EndProject
Project("{2150E333-8FDC-42A3-9474-1A3956D46DE8}") = "Infrastructure", "Infrastructure", "{0D7EB622-AA33-452A-87A1-31AE2902C1C2}"
EndProject
Project("{FAE04EC0-301F-11D3-BF4B-00C04F79EFBC}") = "ValenceHub.Persistence", "src\ValenceHub.Persistence\ValenceHub.Persistence.csproj", "{D8F8F938-85FC-07B3-343E-58BC7885175E}"
EndProject
Project("{FAE04EC0-301F-11D3-BF4B-00C04F79EFBC}") = "ValenceHub.IntegrationTests", "ValenceHub.IntegrationTests\ValenceHub.IntegrationTests.csproj", "{7B9D551A-CFB7-4ACB-A9C6-2A84002A5E6D}"
EndProject
Project("{FAE04EC0-301F-11D3-BF4B-00C04F79EFBC}") = "ValenceHub.ArchitectureTests", "ValenceHub.ArchitectureTests\ValenceHub.ArchitectureTests.csproj", "{72BFE57A-221C-47F1-895D-1C69EF7EC2EA}"
EndProject
Global
	GlobalSection(SolutionConfigurationPlatforms) = preSolution
		Debug|Any CPU = Debug|Any CPU
		Debug|x64 = Debug|x64
		Debug|x86 = Debug|x86
		Release|Any CPU = Release|Any CPU
		Release|x64 = Release|x64
		Release|x86 = Release|x86
	EndGlobalSection
	GlobalSection(ProjectConfigurationPlatforms) = postSolution
		{3A3922ED-E96A-4D39-ABDB-37AB7CF0B0E6}.Debug|Any CPU.ActiveCfg = Debug|Any CPU
		{3A3922ED-E96A-4D39-ABDB-37AB7CF0B0E6}.Debug|Any CPU.Build.0 = Debug|Any CPU
		{3A3922ED-E96A-4D39-ABDB-37AB7CF0B0E6}.Debug|x64.ActiveCfg = Debug|Any CPU
		{3A3922ED-E96A-4D39-ABDB-37AB7CF0B0E6}.Debug|x64.Build.0 = Debug|Any CPU
		{3A3922ED-E96A-4D39-ABDB-37AB7CF0B0E6}.Debug|x86.ActiveCfg = Debug|Any CPU
		{3A3922ED-E96A-4D39-ABDB-37AB7CF0B0E6}.Debug|x86.Build.0 = Debug|Any CPU
		{3A3922ED-E96A-4D39-ABDB-37AB7CF0B0E6}.Release|Any CPU.ActiveCfg = Release|Any CPU
		{3A3922ED-E96A-4D39-ABDB-37AB7CF0B0E6}.Release|Any CPU.Build.0 = Release|Any CPU
		{3A3922ED-E96A-4D39-ABDB-37AB7CF0B0E6}.Release|x64.ActiveCfg = Release|Any CPU
		{3A3922ED-E96A-4D39-ABDB-37AB7CF0B0E6}.Release|x64.Build.0 = Release|Any CPU
		{3A3922ED-E96A-4D39-ABDB-37AB7CF0B0E6}.Release|x86.ActiveCfg = Release|Any CPU
		{3A3922ED-E96A-4D39-ABDB-37AB7CF0B0E6}.Release|x86.Build.0 = Release|Any CPU
		{5477A340-DFC9-427A-BA57-516B5CCD3DE2}.Debug|Any CPU.ActiveCfg = Debug|Any CPU
		{5477A340-DFC9-427A-BA57-516B5CCD3DE2}.Debug|Any CPU.Build.0 = Debug|Any CPU
		{5477A340-DFC9-427A-BA57-516B5CCD3DE2}.Debug|x64.ActiveCfg = Debug|Any CPU
		{5477A340-DFC9-427A-BA57-516B5CCD3DE2}.Debug|x64.Build.0 = Debug|Any CPU
		{5477A340-DFC9-427A-BA57-516B5CCD3DE2}.Debug|x86.ActiveCfg = Debug|Any CPU
		{5477A340-DFC9-427A-BA57-516B5CCD3DE2}.Debug|x86.Build.0 = Debug|Any CPU
		{5477A340-DFC9-427A-BA57-516B5CCD3DE2}.Release|Any CPU.ActiveCfg = Release|Any CPU
		{5477A340-DFC9-427A-BA57-516B5CCD3DE2}.Release|Any CPU.Build.0 = Release|Any CPU
		{5477A340-DFC9-427A-BA57-516B5CCD3DE2}.Release|x64.ActiveCfg = Release|Any CPU
		{5477A340-DFC9-427A-BA57-516B5CCD3DE2}.Release|x64.Build.0 = Release|Any CPU
		{5477A340-DFC9-427A-BA57-516B5CCD3DE2}.Release|x86.ActiveCfg = Release|Any CPU
		{5477A340-DFC9-427A-BA57-516B5CCD3DE2}.Release|x86.Build.0 = Release|Any CPU
		{346B9885-510F-4555-B85B-ACA350488996}.Debug|Any CPU.ActiveCfg = Debug|Any CPU
		{346B9885-510F-4555-B85B-ACA350488996}.Debug|Any CPU.Build.0 = Debug|Any CPU
		{346B9885-510F-4555-B85B-ACA350488996}.Debug|x64.ActiveCfg = Debug|Any CPU
		{346B9885-510F-4555-B85B-ACA350488996}.Debug|x64.Build.0 = Debug|Any CPU
		{346B9885-510F-4555-B85B-ACA350488996}.Debug|x86.ActiveCfg = Debug|Any CPU
		{346B9885-510F-4555-B85B-ACA350488996}.Debug|x86.Build.0 = Debug|Any CPU
		{346B9885-510F-4555-B85B-ACA350488996}.Release|Any CPU.ActiveCfg = Release|Any CPU
		{346B9885-510F-4555-B85B-ACA350488996}.Release|Any CPU.Build.0 = Release|Any CPU
		{346B9885-510F-4555-B85B-ACA350488996}.Release|x64.ActiveCfg = Release|Any CPU
		{346B9885-510F-4555-B85B-ACA350488996}.Release|x64.Build.0 = Release|Any CPU
		{346B9885-510F-4555-B85B-ACA350488996}.Release|x86.ActiveCfg = Release|Any CPU
		{346B9885-510F-4555-B85B-ACA350488996}.Release|x86.Build.0 = Release|Any CPU
		{D656B254-C6D7-4484-BC7F-83CFB26B0B16}.Debug|Any CPU.ActiveCfg = Debug|Any CPU
		{D656B254-C6D7-4484-BC7F-83CFB26B0B16}.Debug|Any CPU.Build.0 = Debug|Any CPU
		{D656B254-C6D7-4484-BC7F-83CFB26B0B16}.Debug|x64.ActiveCfg = Debug|Any CPU
		{D656B254-C6D7-4484-BC7F-83CFB26B0B16}.Debug|x64.Build.0 = Debug|Any CPU
		{D656B254-C6D7-4484-BC7F-83CFB26B0B16}.Debug|x86.ActiveCfg = Debug|Any CPU
		{D656B254-C6D7-4484-BC7F-83CFB26B0B16}.Debug|x86.Build.0 = Debug|Any CPU
		{D656B254-C6D7-4484-BC7F-83CFB26B0B16}.Release|Any CPU.ActiveCfg = Release|Any CPU
		{D656B254-C6D7-4484-BC7F-83CFB26B0B16}.Release|Any CPU.Build.0 = Release|Any CPU
		{D656B254-C6D7-4484-BC7F-83CFB26B0B16}.Release|x64.ActiveCfg = Release|Any CPU
		{D656B254-C6D7-4484-BC7F-83CFB26B0B16}.Release|x64.Build.0 = Release|Any CPU
		{D656B254-C6D7-4484-BC7F-83CFB26B0B16}.Release|x86.ActiveCfg = Release|Any CPU
		{D656B254-C6D7-4484-BC7F-83CFB26B0B16}.Release|x86.Build.0 = Release|Any CPU
		{5A51C5F1-F7B8-4872-A10B-E1795FBDECE9}.Debug|Any CPU.ActiveCfg = Debug|Any CPU
		{5A51C5F1-F7B8-4872-A10B-E1795FBDECE9}.Debug|Any CPU.Build.0 = Debug|Any CPU
		{5A51C5F1-F7B8-4872-A10B-E1795FBDECE9}.Debug|x64.ActiveCfg = Debug|Any CPU
		{5A51C5F1-F7B8-4872-A10B-E1795FBDECE9}.Debug|x64.Build.0 = Debug|Any CPU
		{5A51C5F1-F7B8-4872-A10B-E1795FBDECE9}.Debug|x86.ActiveCfg = Debug|Any CPU
		{5A51C5F1-F7B8-4872-A10B-E1795FBDECE9}.Debug|x86.Build.0 = Debug|Any CPU
		{5A51C5F1-F7B8-4872-A10B-E1795FBDECE9}.Release|Any CPU.ActiveCfg = Release|Any CPU
		{5A51C5F1-F7B8-4872-A10B-E1795FBDECE9}.Release|Any CPU.Build.0 = Release|Any CPU
		{5A51C5F1-F7B8-4872-A10B-E1795FBDECE9}.Release|x64.ActiveCfg = Release|Any CPU
		{5A51C5F1-F7B8-4872-A10B-E1795FBDECE9}.Release|x64.Build.0 = Release|Any CPU
		{5A51C5F1-F7B8-4872-A10B-E1795FBDECE9}.Release|x86.ActiveCfg = Release|Any CPU
		{5A51C5F1-F7B8-4872-A10B-E1795FBDECE9}.Release|x86.Build.0 = Release|Any CPU
		{D8F8F938-85FC-07B3-343E-58BC7885175E}.Debug|Any CPU.ActiveCfg = Debug|Any CPU
		{D8F8F938-85FC-07B3-343E-58BC7885175E}.Debug|Any CPU.Build.0 = Debug|Any CPU
		{D8F8F938-85FC-07B3-343E-58BC7885175E}.Debug|x64.ActiveCfg = Debug|Any CPU
		{D8F8F938-85FC-07B3-343E-58BC7885175E}.Debug|x64.Build.0 = Debug|Any CPU
		{D8F8F938-85FC-07B3-343E-58BC7885175E}.Debug|x86.ActiveCfg = Debug|Any CPU
		{D8F8F938-85FC-07B3-343E-58BC7885175E}.Debug|x86.Build.0 = Debug|Any CPU
		{D8F8F938-85FC-07B3-343E-58BC7885175E}.Release|Any CPU.ActiveCfg = Release|Any CPU
		{D8F8F938-85FC-07B3-343E-58BC7885175E}.Release|Any CPU.Build.0 = Release|Any CPU
		{D8F8F938-85FC-07B3-343E-58BC7885175E}.Release|x64.ActiveCfg = Release|Any CPU
		{D8F8F938-85FC-07B3-343E-58BC7885175E}.Release|x64.Build.0 = Release|Any CPU
		{D8F8F938-85FC-07B3-343E-58BC7885175E}.Release|x86.ActiveCfg = Release|Any CPU
		{D8F8F938-85FC-07B3-343E-58BC7885175E}.Release|x86.Build.0 = Release|Any CPU
		{7B9D551A-CFB7-4ACB-A9C6-2A84002A5E6D}.Debug|Any CPU.ActiveCfg = Debug|Any CPU
		{7B9D551A-CFB7-4ACB-A9C6-2A84002A5E6D}.Debug|Any CPU.Build.0 = Debug|Any CPU
		{7B9D551A-CFB7-4ACB-A9C6-2A84002A5E6D}.Debug|x64.ActiveCfg = Debug|Any CPU
		{7B9D551A-CFB7-4ACB-A9C6-2A84002A5E6D}.Debug|x64.Build.0 = Debug|Any CPU
		{7B9D551A-CFB7-4ACB-A9C6-2A84002A5E6D}.Debug|x86.ActiveCfg = Debug|Any CPU
		{7B9D551A-CFB7-4ACB-A9C6-2A84002A5E6D}.Debug|x86.Build.0 = Debug|Any CPU
		{7B9D551A-CFB7-4ACB-A9C6-2A84002A5E6D}.Release|Any CPU.ActiveCfg = Release|Any CPU
		{7B9D551A-CFB7-4ACB-A9C6-2A84002A5E6D}.Release|Any CPU.Build.0 = Release|Any CPU
		{7B9D551A-CFB7-4ACB-A9C6-2A84002A5E6D}.Release|x64.ActiveCfg = Release|Any CPU
		{7B9D551A-CFB7-4ACB-A9C6-2A84002A5E6D}.Release|x64.Build.0 = Release|Any CPU
		{7B9D551A-CFB7-4ACB-A9C6-2A84002A5E6D}.Release|x86.ActiveCfg = Release|Any CPU
		{7B9D551A-CFB7-4ACB-A9C6-2A84002A5E6D}.Release|x86.Build.0 = Release|Any CPU
		{72BFE57A-221C-47F1-895D-1C69EF7EC2EA}.Debug|Any CPU.ActiveCfg = Debug|Any CPU
		{72BFE57A-221C-47F1-895D-1C69EF7EC2EA}.Debug|Any CPU.Build.0 = Debug|Any CPU
		{72BFE57A-221C-47F1-895D-1C69EF7EC2EA}.Debug|x64.ActiveCfg = Debug|Any CPU
		{72BFE57A-221C-47F1-895D-1C69EF7EC2EA}.Debug|x64.Build.0 = Debug|Any CPU
		{72BFE57A-221C-47F1-895D-1C69EF7EC2EA}.Debug|x86.ActiveCfg = Debug|Any CPU
		{72BFE57A-221C-47F1-895D-1C69EF7EC2EA}.Debug|x86.Build.0 = Debug|Any CPU
		{72BFE57A-221C-47F1-895D-1C69EF7EC2EA}.Release|Any CPU.ActiveCfg = Release|Any CPU
		{72BFE57A-221C-47F1-895D-1C69EF7EC2EA}.Release|Any CPU.Build.0 = Release|Any CPU
		{72BFE57A-221C-47F1-895D-1C69EF7EC2EA}.Release|x64.ActiveCfg = Release|Any CPU
		{72BFE57A-221C-47F1-895D-1C69EF7EC2EA}.Release|x64.Build.0 = Release|Any CPU
		{72BFE57A-221C-47F1-895D-1C69EF7EC2EA}.Release|x86.ActiveCfg = Release|Any CPU
		{72BFE57A-221C-47F1-895D-1C69EF7EC2EA}.Release|x86.Build.0 = Release|Any CPU
	EndGlobalSection
	GlobalSection(SolutionProperties) = preSolution
		HideSolutionNode = FALSE
	EndGlobalSection
	GlobalSection(NestedProjects) = preSolution
		{3A3922ED-E96A-4D39-ABDB-37AB7CF0B0E6} = {34CB34DA-F9AC-4C3E-BA25-90C17EAE1CD2}
		{5477A340-DFC9-427A-BA57-516B5CCD3DE2} = {90966927-5A76-4176-8886-1DAB552F3606}
		{346B9885-510F-4555-B85B-ACA350488996} = {90966927-5A76-4176-8886-1DAB552F3606}
		{D656B254-C6D7-4484-BC7F-83CFB26B0B16} = {0D7EB622-AA33-452A-87A1-31AE2902C1C2}
		{5A51C5F1-F7B8-4872-A10B-E1795FBDECE9} = {0AB3BF05-4346-4AA6-1389-037BE0695223}
		{90966927-5A76-4176-8886-1DAB552F3606} = {827E0CD3-B72D-47B6-A68D-7590B98EB39B}
		{34CB34DA-F9AC-4C3E-BA25-90C17EAE1CD2} = {827E0CD3-B72D-47B6-A68D-7590B98EB39B}
		{0D7EB622-AA33-452A-87A1-31AE2902C1C2} = {827E0CD3-B72D-47B6-A68D-7590B98EB39B}
		{D8F8F938-85FC-07B3-343E-58BC7885175E} = {0D7EB622-AA33-452A-87A1-31AE2902C1C2}
		{7B9D551A-CFB7-4ACB-A9C6-2A84002A5E6D} = {0AB3BF05-4346-4AA6-1389-037BE0695223}
		{72BFE57A-221C-47F1-895D-1C69EF7EC2EA} = {0AB3BF05-4346-4AA6-1389-037BE0695223}
	EndGlobalSection
	GlobalSection(ExtensibilityGlobals) = postSolution
		SolutionGuid = {95187FFC-D030-4CEF-94EF-9E751A8F3878}
	EndGlobalSection
EndGlobal
